{
    "version": 3,
    "terraform_version": "0.11.3",
    "serial": 19,
    "lineage": "ee1b8490-e5f7-4bfa-9af1-d4820990631c",
    "modules": [
        {
            "path": [
                "root"
            ],
            "outputs": {},
            "resources": {
                "aws_ses_domain_identity.ses": {
                    "type": "aws_ses_domain_identity",
                    "depends_on": [],
                    "primary": {
                        "id": "dev-stages.global",
                        "attributes": {
                            "arn": "arn:aws:ses:us-east-1:716896765151:identity/dev-stages.global",
                            "domain": "dev-stages.global",
                            "id": "dev-stages.global",
                            "verification_token": "gc5XBllMCelFHyawoItiLzMqS4g0+Nm19uW4VrUpYOk="
                        },
                        "meta": {},
                        "tainted": false
                    },
                    "deposed": [],
                    "provider": "provider.aws"
                },
                "aws_ses_identity_notification.ses": {
                    "type": "aws_ses_identity_notification",
                    "depends_on": [
                        "aws_sns_topic.ses-notifications3"
                    ],
                    "primary": {
                        "id": "dev-stages.global",
                        "attributes": {
                            "bounce_topic": "arn:aws:sns:us-east-1:716896765151:ses-notifications",
                            "complaint_topic": "arn:aws:sns:us-east-1:716896765151:ses-notifications2",
                            "delivery_topic": "arn:aws:sns:us-east-1:716896765151:ses-notifications3",
                            "forwarding_enabled": "false",
                            "id": "dev-stages.global",
                            "identity": "dev-stages.global"
                        },
                        "meta": {},
                        "tainted": false
                    },
                    "deposed": [],
                    "provider": "provider.aws"
                },
                "aws_sns_topic.ses-notifications": {
                    "type": "aws_sns_topic",
                    "depends_on": [],
                    "primary": {
                        "id": "arn:aws:sns:us-east-1:716896765151:ses-notifications",
                        "attributes": {
                            "arn": "arn:aws:sns:us-east-1:716896765151:ses-notifications",
                            "display_name": "",
                            "id": "arn:aws:sns:us-east-1:716896765151:ses-notifications",
                            "name": "ses-notifications",
                            "policy": "{\"Id\":\"__default_policy_ID\",\"Statement\":[{\"Action\":[\"SNS:GetTopicAttributes\",\"SNS:SetTopicAttributes\",\"SNS:AddPermission\",\"SNS:RemovePermission\",\"SNS:DeleteTopic\",\"SNS:Subscribe\",\"SNS:ListSubscriptionsByTopic\",\"SNS:Publish\",\"SNS:Receive\"],\"Condition\":{\"StringEquals\":{\"AWS:SourceOwner\":\"716896765151\"}},\"Effect\":\"Allow\",\"Principal\":{\"AWS\":\"*\"},\"Resource\":\"arn:aws:sns:us-east-1:716896765151:ses-notifications\",\"Sid\":\"__default_statement_ID\"}],\"Version\":\"2008-10-17\"}"
                        },
                        "meta": {},
                        "tainted": false
                    },
                    "deposed": [],
                    "provider": "provider.aws"
                },
                "aws_sns_topic.ses-notifications2": {
                    "type": "aws_sns_topic",
                    "depends_on": [],
                    "primary": {
                        "id": "arn:aws:sns:us-east-1:716896765151:ses-notifications2",
                        "attributes": {
                            "arn": "arn:aws:sns:us-east-1:716896765151:ses-notifications2",
                            "display_name": "",
                            "id": "arn:aws:sns:us-east-1:716896765151:ses-notifications2",
                            "name": "ses-notifications2",
                            "policy": "{\"Id\":\"__default_policy_ID\",\"Statement\":[{\"Action\":[\"SNS:GetTopicAttributes\",\"SNS:SetTopicAttributes\",\"SNS:AddPermission\",\"SNS:RemovePermission\",\"SNS:DeleteTopic\",\"SNS:Subscribe\",\"SNS:ListSubscriptionsByTopic\",\"SNS:Publish\",\"SNS:Receive\"],\"Condition\":{\"StringEquals\":{\"AWS:SourceOwner\":\"716896765151\"}},\"Effect\":\"Allow\",\"Principal\":{\"AWS\":\"*\"},\"Resource\":\"arn:aws:sns:us-east-1:716896765151:ses-notifications2\",\"Sid\":\"__default_statement_ID\"}],\"Version\":\"2008-10-17\"}"
                        },
                        "meta": {},
                        "tainted": false
                    },
                    "deposed": [],
                    "provider": "provider.aws"
                },
                "aws_sns_topic.ses-notifications3": {
                    "type": "aws_sns_topic",
                    "depends_on": [],
                    "primary": {
                        "id": "arn:aws:sns:us-east-1:716896765151:ses-notifications3",
                        "attributes": {
                            "arn": "arn:aws:sns:us-east-1:716896765151:ses-notifications3",
                            "display_name": "",
                            "id": "arn:aws:sns:us-east-1:716896765151:ses-notifications3",
                            "name": "ses-notifications3",
                            "policy": "{\"Id\":\"__default_policy_ID\",\"Statement\":[{\"Action\":[\"SNS:GetTopicAttributes\",\"SNS:SetTopicAttributes\",\"SNS:AddPermission\",\"SNS:RemovePermission\",\"SNS:DeleteTopic\",\"SNS:Subscribe\",\"SNS:ListSubscriptionsByTopic\",\"SNS:Publish\",\"SNS:Receive\"],\"Condition\":{\"StringEquals\":{\"AWS:SourceOwner\":\"716896765151\"}},\"Effect\":\"Allow\",\"Principal\":{\"AWS\":\"*\"},\"Resource\":\"arn:aws:sns:us-east-1:716896765151:ses-notifications3\",\"Sid\":\"__default_statement_ID\"}],\"Version\":\"2008-10-17\"}"
                        },
                        "meta": {},
                        "tainted": false
                    },
                    "deposed": [],
                    "provider": "provider.aws"
                }
            },
            "depends_on": []
        }
    ]
}
