{
    "version": 3,
    "terraform_version": "0.11.3",
    "serial": 9,
    "lineage": "ee1b8490-e5f7-4bfa-9af1-d4820990631c",
    "modules": [
        {
            "path": [
                "root"
            ],
            "outputs": {},
            "resources": {
                "aws_ses_domain_identity.foo-bar": {
                    "type": "aws_ses_domain_identity",
                    "depends_on": [],
                    "primary": {
                        "id": "foo-bar.global",
                        "attributes": {
                            "arn": "arn:aws:ses:us-east-1:716896765151:identity/foo-bar.global",
                            "domain": "foo-bar.global",
                            "id": "foo-bar.global",
                            "verification_token": "kbNJ0K8QqT8GuhBO9qWNqaDQTyntwLITSQJe+sMrlmA="
                        },
                        "meta": {},
                        "tainted": false
                    },
                    "deposed": [],
                    "provider": "provider.aws"
                },
                "aws_ses_domain_identity.ses": {
                    "type": "aws_ses_domain_identity",
                    "depends_on": [],
                    "primary": {
                        "id": "dev-stages.global",
                        "attributes": {
                            "arn": "arn:aws:ses:us-east-1:716896765151:identity/dev-stages.global",
                            "domain": "dev-stages.global",
                            "id": "dev-stages.global",
                            "verification_token": "gc5XBllMCelFHyawoItiLzMqS4g0+Nm19uW4VrUpYOk="
                        },
                        "meta": {},
                        "tainted": false
                    },
                    "deposed": [],
                    "provider": "provider.aws"
                },
                "aws_ses_identity_notification.bounces": {
                    "type": "aws_ses_identity_notification",
                    "depends_on": [
                        "aws_sns_topic.ses-notifications2"
                    ],
                    "primary": {
                        "id": "dev-stages.global|Bounce",
                        "attributes": {
                            "id": "dev-stages.global|Bounce",
                            "identity": "dev-stages.global",
                            "notification_type": "Bounce",
                            "topic_arn": "arn:aws:sns:us-east-1:716896765151:ses-notifications2"
                        },
                        "meta": {},
                        "tainted": false
                    },
                    "deposed": [],
                    "provider": "provider.aws"
                },
                "aws_ses_identity_notification.complaints": {
                    "type": "aws_ses_identity_notification",
                    "depends_on": [],
                    "primary": {
                        "id": "dev-stages.global|Complaint",
                        "attributes": {
                            "id": "dev-stages.global|Complaint",
                            "identity": "dev-stages.global",
                            "notification_type": "Complaint",
                            "topic_arn": ""
                        },
                        "meta": {},
                        "tainted": false
                    },
                    "deposed": [],
                    "provider": "provider.aws"
                },
                "aws_ses_identity_notification.deliveries": {
                    "type": "aws_ses_identity_notification",
                    "depends_on": [
                        "aws_sns_topic.ses-notifications"
                    ],
                    "primary": {
                        "id": "dev-stages.global|Delivery",
                        "attributes": {
                            "id": "dev-stages.global|Delivery",
                            "identity": "dev-stages.global",
                            "notification_type": "Delivery",
                            "topic_arn": "arn:aws:sns:us-east-1:716896765151:ses-notifications"
                        },
                        "meta": {},
                        "tainted": false
                    },
                    "deposed": [],
                    "provider": "provider.aws"
                },
                "aws_sns_topic.ses-notifications": {
                    "type": "aws_sns_topic",
                    "depends_on": [],
                    "primary": {
                        "id": "arn:aws:sns:us-east-1:716896765151:ses-notifications",
                        "attributes": {
                            "arn": "arn:aws:sns:us-east-1:716896765151:ses-notifications",
                            "display_name": "",
                            "id": "arn:aws:sns:us-east-1:716896765151:ses-notifications",
                            "name": "ses-notifications",
                            "policy": "{\"Id\":\"__default_policy_ID\",\"Statement\":[{\"Action\":[\"SNS:GetTopicAttributes\",\"SNS:SetTopicAttributes\",\"SNS:AddPermission\",\"SNS:RemovePermission\",\"SNS:DeleteTopic\",\"SNS:Subscribe\",\"SNS:ListSubscriptionsByTopic\",\"SNS:Publish\",\"SNS:Receive\"],\"Condition\":{\"StringEquals\":{\"AWS:SourceOwner\":\"716896765151\"}},\"Effect\":\"Allow\",\"Principal\":{\"AWS\":\"*\"},\"Resource\":\"arn:aws:sns:us-east-1:716896765151:ses-notifications\",\"Sid\":\"__default_statement_ID\"}],\"Version\":\"2008-10-17\"}"
                        },
                        "meta": {},
                        "tainted": false
                    },
                    "deposed": [],
                    "provider": "provider.aws"
                },
                "aws_sns_topic.ses-notifications2": {
                    "type": "aws_sns_topic",
                    "depends_on": [],
                    "primary": {
                        "id": "arn:aws:sns:us-east-1:716896765151:ses-notifications2",
                        "attributes": {
                            "arn": "arn:aws:sns:us-east-1:716896765151:ses-notifications2",
                            "display_name": "",
                            "id": "arn:aws:sns:us-east-1:716896765151:ses-notifications2",
                            "name": "ses-notifications2",
                            "policy": "{\"Id\":\"__default_policy_ID\",\"Statement\":[{\"Action\":[\"SNS:GetTopicAttributes\",\"SNS:SetTopicAttributes\",\"SNS:AddPermission\",\"SNS:RemovePermission\",\"SNS:DeleteTopic\",\"SNS:Subscribe\",\"SNS:ListSubscriptionsByTopic\",\"SNS:Publish\",\"SNS:Receive\"],\"Condition\":{\"StringEquals\":{\"AWS:SourceOwner\":\"716896765151\"}},\"Effect\":\"Allow\",\"Principal\":{\"AWS\":\"*\"},\"Resource\":\"arn:aws:sns:us-east-1:716896765151:ses-notifications2\",\"Sid\":\"__default_statement_ID\"}],\"Version\":\"2008-10-17\"}"
                        },
                        "meta": {},
                        "tainted": false
                    },
                    "deposed": [],
                    "provider": "provider.aws"
                }
            },
            "depends_on": []
        }
    ]
}
